
Microsoft Visual Studio Solution File, Format Version 12.00
# Visual Studio Version 16
VisualStudioVersion = 16.0.31321.278
MinimumVisualStudioVersion = 10.0.40219.1
Project("{2150E333-8FDC-42A3-9474-1A3956D46DE8}") = "Servicos", "Servicos", "{BAEFF058-4FEF-4020-BCC8-F04AE3EE0924}"
EndProject
Project("{2150E333-8FDC-42A3-9474-1A3956D46DE8}") = "Catalogo", "Catalogo", "{0FC9EE8E-CD56-4129-875F-CDA83CA1CEA4}"
EndProject
Project("{FAE04EC0-301F-11D3-BF4B-00C04F79EFBC}") = "Catalogo.API", "Servicos\Catalogo\Catalogo.API\Catalogo.API.csproj", "{9984FFF3-4C34-4978-B1B2-E2E6B6A28D14}"
EndProject
Global
	GlobalSection(SolutionConfigurationPlatforms) = preSolution
		Debug|Any CPU = Debug|Any CPU
		Release|Any CPU = Release|Any CPU
	EndGlobalSection
	GlobalSection(ProjectConfigurationPlatforms) = postSolution
		{9984FFF3-4C34-4978-B1B2-E2E6B6A28D14}.Debug|Any CPU.ActiveCfg = Debug|Any CPU
		{9984FFF3-4C34-4978-B1B2-E2E6B6A28D14}.Debug|Any CPU.Build.0 = Debug|Any CPU
		{9984FFF3-4C34-4978-B1B2-E2E6B6A28D14}.Release|Any CPU.ActiveCfg = Release|Any CPU
		{9984FFF3-4C34-4978-B1B2-E2E6B6A28D14}.Release|Any CPU.Build.0 = Release|Any CPU
	EndGlobalSection
	GlobalSection(SolutionProperties) = preSolution
		HideSolutionNode = FALSE
	EndGlobalSection
	GlobalSection(NestedProjects) = preSolution
		{0FC9EE8E-CD56-4129-875F-CDA83CA1CEA4} = {BAEFF058-4FEF-4020-BCC8-F04AE3EE0924}
		{9984FFF3-4C34-4978-B1B2-E2E6B6A28D14} = {0FC9EE8E-CD56-4129-875F-CDA83CA1CEA4}
	EndGlobalSection
	GlobalSection(ExtensibilityGlobals) = postSolution
		SolutionGuid = {B18BB917-E0EB-4522-A336-DCCA99C92D87}
	EndGlobalSection
EndGlobal
